
Microsoft Visual Studio Solution File, Format Version 12.00
# Visual Studio Version 17
VisualStudioVersion = 17.6.33815.320
MinimumVisualStudioVersion = 10.0.40219.1
Project("{FAE04EC0-301F-11D3-BF4B-00C04F79EFBC}") = "ClassLibrary4", "ClassLibrary4\ClassLibrary4.csproj", "{2D13A828-D8A7-4F81-8630-AA2950F11CEB}"
EndProject
Global
	GlobalSection(SolutionConfigurationPlatforms) = preSolution
		Debug|Any CPU = Debug|Any CPU
		Release|Any CPU = Release|Any CPU
	EndGlobalSection
	GlobalSection(ProjectConfigurationPlatforms) = postSolution
		{2D13A828-D8A7-4F81-8630-AA2950F11CEB}.Debug|Any CPU.ActiveCfg = Debug|Any CPU
		{2D13A828-D8A7-4F81-8630-AA2950F11CEB}.Debug|Any CPU.Build.0 = Debug|Any CPU
		{2D13A828-D8A7-4F81-8630-AA2950F11CEB}.Release|Any CPU.ActiveCfg = Release|Any CPU
		{2D13A828-D8A7-4F81-8630-AA2950F11CEB}.Release|Any CPU.Build.0 = Release|Any CPU
	EndGlobalSection
	GlobalSection(SolutionProperties) = preSolution
		HideSolutionNode = FALSE
	EndGlobalSection
	GlobalSection(ExtensibilityGlobals) = postSolution
		SolutionGuid = {B47DB5AB-4C0E-4DE8-B509-928A14B2896A}
	EndGlobalSection
EndGlobal
